
Microsoft Visual Studio Solution File, Format Version 12.00
# Visual Studio Version 17
VisualStudioVersion = 17.3.32901.215
MinimumVisualStudioVersion = 10.0.40219.1
Project("{FAE04EC0-301F-11D3-BF4B-00C04F79EFBC}") = "Ejer2_4Michelle.Android", "Ejer2_4Michelle\Ejer2_4Michelle.Android\Ejer2_4Michelle.Android.csproj", "{662B85A1-EDD1-48F2-896C-4EC545C43879}"
EndProject
Project("{FAE04EC0-301F-11D3-BF4B-00C04F79EFBC}") = "Ejer2_4Michelle", "Ejer2_4Michelle\Ejer2_4Michelle\Ejer2_4Michelle.csproj", "{ED139369-4547-4574-BDFF-302BE9D8B609}"
EndProject
Global
	GlobalSection(SolutionConfigurationPlatforms) = preSolution
		Debug|Any CPU = Debug|Any CPU
		Release|Any CPU = Release|Any CPU
	EndGlobalSection
	GlobalSection(ProjectConfigurationPlatforms) = postSolution
		{662B85A1-EDD1-48F2-896C-4EC545C43879}.Debug|Any CPU.ActiveCfg = Debug|Any CPU
		{662B85A1-EDD1-48F2-896C-4EC545C43879}.Debug|Any CPU.Build.0 = Debug|Any CPU
		{662B85A1-EDD1-48F2-896C-4EC545C43879}.Debug|Any CPU.Deploy.0 = Debug|Any CPU
		{662B85A1-EDD1-48F2-896C-4EC545C43879}.Release|Any CPU.ActiveCfg = Release|Any CPU
		{662B85A1-EDD1-48F2-896C-4EC545C43879}.Release|Any CPU.Build.0 = Release|Any CPU
		{662B85A1-EDD1-48F2-896C-4EC545C43879}.Release|Any CPU.Deploy.0 = Release|Any CPU
		{ED139369-4547-4574-BDFF-302BE9D8B609}.Debug|Any CPU.ActiveCfg = Debug|Any CPU
		{ED139369-4547-4574-BDFF-302BE9D8B609}.Debug|Any CPU.Build.0 = Debug|Any CPU
		{ED139369-4547-4574-BDFF-302BE9D8B609}.Debug|Any CPU.Deploy.0 = Debug|Any CPU
		{ED139369-4547-4574-BDFF-302BE9D8B609}.Release|Any CPU.ActiveCfg = Release|Any CPU
		{ED139369-4547-4574-BDFF-302BE9D8B609}.Release|Any CPU.Build.0 = Release|Any CPU
		{ED139369-4547-4574-BDFF-302BE9D8B609}.Release|Any CPU.Deploy.0 = Release|Any CPU
	EndGlobalSection
	GlobalSection(SolutionProperties) = preSolution
		HideSolutionNode = FALSE
	EndGlobalSection
	GlobalSection(ExtensibilityGlobals) = postSolution
		SolutionGuid = {D1F6B764-4FCB-4770-8812-D0BEFFBF9395}
	EndGlobalSection
EndGlobal
